
Microsoft Visual Studio Solution File, Format Version 9.00
# Visual Studio 2005
Project("{FAE04EC0-301F-11D3-BF4B-00C04F79EFBC}") = "UHFAPI_NET(XP)", "UHFAPI_NET\UHFAPI_NET(XP).csproj", "{1EF47DE5-09BF-4A99-B3C6-24FAB6598853}"
EndProject
Project("{2150E333-8FDC-42A3-9474-1A3956D46DE8}") = "XP", "XP", "{10AAD636-1FD8-4499-B402-083BC2FE88FD}"
EndProject
Project("{2150E333-8FDC-42A3-9474-1A3956D46DE8}") = "CE", "CE", "{CECAB66F-4326-46FA-8AE4-176564134ED7}"
EndProject
Project("{FAE04EC0-301F-11D3-BF4B-00C04F79EFBC}") = "UHFAPI_NET(CE)", "UHFAPI_NET(CE)\UHFAPI_NET(CE).csproj", "{71B3EDB2-4876-4CE3-AB97-7C6D80F0FF53}"
EndProject
Project("{FAE04EC0-301F-11D3-BF4B-00C04F79EFBC}") = "DOTUHF-Csharp", "DOTUHF-Csharp\DOTUHF-Csharp.csproj", "{4537FE2C-DC73-471C-8BDF-F02BBF6C40F2}"
EndProject
Project("{FAE04EC0-301F-11D3-BF4B-00C04F79EFBC}") = "DOTUHFBT-XP", "DOTUHFBT-XP\DOTUHFBT-XP.csproj", "{53408F79-7CD9-4361-A234-7ED57C3991DA}"
EndProject
Global
	GlobalSection(SolutionConfigurationPlatforms) = preSolution
		Debug|Any CPU = Debug|Any CPU
		Release|Any CPU = Release|Any CPU
	EndGlobalSection
	GlobalSection(ProjectConfigurationPlatforms) = postSolution
		{1EF47DE5-09BF-4A99-B3C6-24FAB6598853}.Debug|Any CPU.ActiveCfg = Debug|Any CPU
		{1EF47DE5-09BF-4A99-B3C6-24FAB6598853}.Debug|Any CPU.Build.0 = Debug|Any CPU
		{1EF47DE5-09BF-4A99-B3C6-24FAB6598853}.Release|Any CPU.ActiveCfg = Release|Any CPU
		{1EF47DE5-09BF-4A99-B3C6-24FAB6598853}.Release|Any CPU.Build.0 = Release|Any CPU
		{71B3EDB2-4876-4CE3-AB97-7C6D80F0FF53}.Debug|Any CPU.ActiveCfg = Debug|Any CPU
		{71B3EDB2-4876-4CE3-AB97-7C6D80F0FF53}.Debug|Any CPU.Build.0 = Debug|Any CPU
		{71B3EDB2-4876-4CE3-AB97-7C6D80F0FF53}.Debug|Any CPU.Deploy.0 = Debug|Any CPU
		{71B3EDB2-4876-4CE3-AB97-7C6D80F0FF53}.Release|Any CPU.ActiveCfg = Release|Any CPU
		{71B3EDB2-4876-4CE3-AB97-7C6D80F0FF53}.Release|Any CPU.Build.0 = Release|Any CPU
		{4537FE2C-DC73-471C-8BDF-F02BBF6C40F2}.Debug|Any CPU.ActiveCfg = Debug|Any CPU
		{4537FE2C-DC73-471C-8BDF-F02BBF6C40F2}.Debug|Any CPU.Build.0 = Debug|Any CPU
		{4537FE2C-DC73-471C-8BDF-F02BBF6C40F2}.Debug|Any CPU.Deploy.0 = Debug|Any CPU
		{4537FE2C-DC73-471C-8BDF-F02BBF6C40F2}.Release|Any CPU.ActiveCfg = Release|Any CPU
		{4537FE2C-DC73-471C-8BDF-F02BBF6C40F2}.Release|Any CPU.Build.0 = Release|Any CPU
		{4537FE2C-DC73-471C-8BDF-F02BBF6C40F2}.Release|Any CPU.Deploy.0 = Release|Any CPU
		{53408F79-7CD9-4361-A234-7ED57C3991DA}.Debug|Any CPU.ActiveCfg = Debug|Any CPU
		{53408F79-7CD9-4361-A234-7ED57C3991DA}.Debug|Any CPU.Build.0 = Debug|Any CPU
		{53408F79-7CD9-4361-A234-7ED57C3991DA}.Release|Any CPU.ActiveCfg = Release|Any CPU
		{53408F79-7CD9-4361-A234-7ED57C3991DA}.Release|Any CPU.Build.0 = Release|Any CPU
	EndGlobalSection
	GlobalSection(SolutionProperties) = preSolution
		HideSolutionNode = FALSE
	EndGlobalSection
	GlobalSection(NestedProjects) = preSolution
		{1EF47DE5-09BF-4A99-B3C6-24FAB6598853} = {10AAD636-1FD8-4499-B402-083BC2FE88FD}
		{53408F79-7CD9-4361-A234-7ED57C3991DA} = {10AAD636-1FD8-4499-B402-083BC2FE88FD}
		{71B3EDB2-4876-4CE3-AB97-7C6D80F0FF53} = {CECAB66F-4326-46FA-8AE4-176564134ED7}
		{4537FE2C-DC73-471C-8BDF-F02BBF6C40F2} = {CECAB66F-4326-46FA-8AE4-176564134ED7}
	EndGlobalSection
EndGlobal
